
Microsoft Visual Studio Solution File, Format Version 12.00
# Visual Studio Version 16
VisualStudioVersion = 16.0.31005.135
MinimumVisualStudioVersion = 10.0.40219.1
Project("{F184B08F-C81C-45F6-A57F-5ABD9991F28F}") = "Calculadora imc", "Calculadora imc.vbproj", "{A7FE1ADF-9ECC-4A3A-BAC3-0A4C54213522}"
EndProject
Global
	GlobalSection(SolutionConfigurationPlatforms) = preSolution
		Debug|Any CPU = Debug|Any CPU
		Release|Any CPU = Release|Any CPU
	EndGlobalSection
	GlobalSection(ProjectConfigurationPlatforms) = postSolution
		{A7FE1ADF-9ECC-4A3A-BAC3-0A4C54213522}.Debug|Any CPU.ActiveCfg = Debug|Any CPU
		{A7FE1ADF-9ECC-4A3A-BAC3-0A4C54213522}.Debug|Any CPU.Build.0 = Debug|Any CPU
		{A7FE1ADF-9ECC-4A3A-BAC3-0A4C54213522}.Release|Any CPU.ActiveCfg = Release|Any CPU
		{A7FE1ADF-9ECC-4A3A-BAC3-0A4C54213522}.Release|Any CPU.Build.0 = Release|Any CPU
	EndGlobalSection
	GlobalSection(SolutionProperties) = preSolution
		HideSolutionNode = FALSE
	EndGlobalSection
	GlobalSection(ExtensibilityGlobals) = postSolution
		SolutionGuid = {DEFF2F12-1407-43A4-A247-D6016D1E3265}
	EndGlobalSection
EndGlobal
